
Microsoft Visual Studio Solution File, Format Version 12.00
# Visual Studio Version 17
VisualStudioVersion = 17.14.36301.6 d17.14
MinimumVisualStudioVersion = 10.0.40219.1
Project("{FAE04EC0-301F-11D3-BF4B-00C04F79EFBC}") = "MovieRecommender.Api", "MovieRecommender.Api\MovieRecommender.Api.csproj", "{6FA28DCB-D2D4-4E00-B448-6206A9E4CE3F}"
EndProject
Global
	GlobalSection(SolutionConfigurationPlatforms) = preSolution
		Debug|Any CPU = Debug|Any CPU
		Release|Any CPU = Release|Any CPU
	EndGlobalSection
	GlobalSection(ProjectConfigurationPlatforms) = postSolution
		{6FA28DCB-D2D4-4E00-B448-6206A9E4CE3F}.Debug|Any CPU.ActiveCfg = Debug|Any CPU
		{6FA28DCB-D2D4-4E00-B448-6206A9E4CE3F}.Debug|Any CPU.Build.0 = Debug|Any CPU
		{6FA28DCB-D2D4-4E00-B448-6206A9E4CE3F}.Release|Any CPU.ActiveCfg = Release|Any CPU
		{6FA28DCB-D2D4-4E00-B448-6206A9E4CE3F}.Release|Any CPU.Build.0 = Release|Any CPU
	EndGlobalSection
	GlobalSection(SolutionProperties) = preSolution
		HideSolutionNode = FALSE
	EndGlobalSection
	GlobalSection(ExtensibilityGlobals) = postSolution
		SolutionGuid = {5836F0A8-7224-4FF6-A709-276044C5B86B}
	EndGlobalSection
EndGlobal
